
Microsoft Visual Studio Solution File, Format Version 12.00
# Visual Studio Version 17
VisualStudioVersion = 17.9.34701.34
MinimumVisualStudioVersion = 10.0.40219.1
Project("{FAE04EC0-301F-11D3-BF4B-00C04F79EFBC}") = "FizzBuzz", "FizzBuzz\FizzBuzz.csproj", "{757ED558-F111-4D69-B6D8-348BE05521A4}"
EndProject
Project("{FAE04EC0-301F-11D3-BF4B-00C04F79EFBC}") = "TestProject", "TestProject\TestProject.csproj", "{8E256F49-EE01-48E5-9F1B-349C504D45CD}"
EndProject
Global
	GlobalSection(SolutionConfigurationPlatforms) = preSolution
		Debug|Any CPU = Debug|Any CPU
		Release|Any CPU = Release|Any CPU
	EndGlobalSection
	GlobalSection(ProjectConfigurationPlatforms) = postSolution
		{757ED558-F111-4D69-B6D8-348BE05521A4}.Debug|Any CPU.ActiveCfg = Debug|Any CPU
		{757ED558-F111-4D69-B6D8-348BE05521A4}.Debug|Any CPU.Build.0 = Debug|Any CPU
		{757ED558-F111-4D69-B6D8-348BE05521A4}.Release|Any CPU.ActiveCfg = Release|Any CPU
		{757ED558-F111-4D69-B6D8-348BE05521A4}.Release|Any CPU.Build.0 = Release|Any CPU
		{8E256F49-EE01-48E5-9F1B-349C504D45CD}.Debug|Any CPU.ActiveCfg = Debug|Any CPU
		{8E256F49-EE01-48E5-9F1B-349C504D45CD}.Debug|Any CPU.Build.0 = Debug|Any CPU
		{8E256F49-EE01-48E5-9F1B-349C504D45CD}.Release|Any CPU.ActiveCfg = Release|Any CPU
		{8E256F49-EE01-48E5-9F1B-349C504D45CD}.Release|Any CPU.Build.0 = Release|Any CPU
	EndGlobalSection
	GlobalSection(SolutionProperties) = preSolution
		HideSolutionNode = FALSE
	EndGlobalSection
	GlobalSection(ExtensibilityGlobals) = postSolution
		SolutionGuid = {6DD488D0-6F40-44F4-B9C0-50F722A88515}
	EndGlobalSection
EndGlobal
